
Microsoft Visual Studio Solution File, Format Version 12.00
# Visual Studio Version 17
VisualStudioVersion = 17.8.34309.116
MinimumVisualStudioVersion = 10.0.40219.1
Project("{2150E333-8FDC-42A3-9474-1A3956D46DE8}") = "src", "src", "{C51B4C1F-042E-44C0-999A-79AC8045CD39}"
EndProject
Project("{2150E333-8FDC-42A3-9474-1A3956D46DE8}") = "test", "test", "{40D79426-B417-44AB-A0E3-E1FF45F1A2BE}"
EndProject
Project("{2150E333-8FDC-42A3-9474-1A3956D46DE8}") = "UI", "UI", "{C24D870C-E0F8-4F77-9F37-F5B858E2A1BD}"
EndProject
Project("{2150E333-8FDC-42A3-9474-1A3956D46DE8}") = "Core", "Core", "{4BFDDE22-244D-4D70-8E56-2F993884FF83}"
EndProject
Project("{2150E333-8FDC-42A3-9474-1A3956D46DE8}") = "API", "API", "{98AF83CD-3359-4809-B2F3-364038004032}"
EndProject
Project("{2150E333-8FDC-42A3-9474-1A3956D46DE8}") = "Infrastructure", "Infrastructure", "{770B5958-8FDF-4FF5-B288-4B013C5E029B}"
EndProject
Project("{9A19103F-16F7-4668-BE54-9A1E7A4F7556}") = "HR.LeaveManagement.Domain", "HRLeaveManagement.Domain\HR.LeaveManagement.Domain.csproj", "{DA79AB2D-83F4-431F-955A-58ADB7317AAC}"
EndProject
Project("{9A19103F-16F7-4668-BE54-9A1E7A4F7556}") = "HR.LeaveManagement.Infrastructure", "HR.LeaveManagement.Infrastructure\HR.LeaveManagement.Infrastructure.csproj", "{929EDF50-3591-4E48-9AA2-CADD6FE08D11}"
EndProject
Project("{9A19103F-16F7-4668-BE54-9A1E7A4F7556}") = "HR.LeaveManagement.Persistence", "HR.LeaveManagement.Persistence\HR.LeaveManagement.Persistence.csproj", "{6AF45840-6B6A-422F-AC4B-B02F88437FF6}"
EndProject
Project("{2150E333-8FDC-42A3-9474-1A3956D46DE8}") = "Solution Items", "Solution Items", "{A8BE812F-7D54-4723-8711-18F2A760C47D}"
	ProjectSection(SolutionItems) = preProject
		.editorconfig = .editorconfig
	EndProjectSection
EndProject
Project("{9A19103F-16F7-4668-BE54-9A1E7A4F7556}") = "HR.LeaveManagement.API", "HR.LeaveManagement.API\HR.LeaveManagement.API.csproj", "{17AA7A2D-D545-4623-AA3C-4EF608244482}"
EndProject
Project("{9A19103F-16F7-4668-BE54-9A1E7A4F7556}") = "HR.LeaveManagement.Application", "HR.LeaveManagement.Application\HR.LeaveManagement.Application.csproj", "{8183CD00-EAFA-4470-B477-346FF2912646}"
EndProject
Project("{FAE04EC0-301F-11D3-BF4B-00C04F79EFBC}") = "HR.LeaveManagement.Application.UnitTests", "HR.LeaveManagement.Application.UnitTests\HR.LeaveManagement.Application.UnitTests.csproj", "{EA5963B7-B92B-416C-966F-BA5556B36141}"
EndProject
Global
	GlobalSection(SolutionConfigurationPlatforms) = preSolution
		Debug|Any CPU = Debug|Any CPU
		Release|Any CPU = Release|Any CPU
	EndGlobalSection
	GlobalSection(ProjectConfigurationPlatforms) = postSolution
		{DA79AB2D-83F4-431F-955A-58ADB7317AAC}.Debug|Any CPU.ActiveCfg = Debug|Any CPU
		{DA79AB2D-83F4-431F-955A-58ADB7317AAC}.Debug|Any CPU.Build.0 = Debug|Any CPU
		{DA79AB2D-83F4-431F-955A-58ADB7317AAC}.Release|Any CPU.ActiveCfg = Release|Any CPU
		{DA79AB2D-83F4-431F-955A-58ADB7317AAC}.Release|Any CPU.Build.0 = Release|Any CPU
		{929EDF50-3591-4E48-9AA2-CADD6FE08D11}.Debug|Any CPU.ActiveCfg = Debug|Any CPU
		{929EDF50-3591-4E48-9AA2-CADD6FE08D11}.Debug|Any CPU.Build.0 = Debug|Any CPU
		{929EDF50-3591-4E48-9AA2-CADD6FE08D11}.Release|Any CPU.ActiveCfg = Release|Any CPU
		{929EDF50-3591-4E48-9AA2-CADD6FE08D11}.Release|Any CPU.Build.0 = Release|Any CPU
		{6AF45840-6B6A-422F-AC4B-B02F88437FF6}.Debug|Any CPU.ActiveCfg = Debug|Any CPU
		{6AF45840-6B6A-422F-AC4B-B02F88437FF6}.Debug|Any CPU.Build.0 = Debug|Any CPU
		{6AF45840-6B6A-422F-AC4B-B02F88437FF6}.Release|Any CPU.ActiveCfg = Release|Any CPU
		{6AF45840-6B6A-422F-AC4B-B02F88437FF6}.Release|Any CPU.Build.0 = Release|Any CPU
		{17AA7A2D-D545-4623-AA3C-4EF608244482}.Debug|Any CPU.ActiveCfg = Debug|Any CPU
		{17AA7A2D-D545-4623-AA3C-4EF608244482}.Debug|Any CPU.Build.0 = Debug|Any CPU
		{17AA7A2D-D545-4623-AA3C-4EF608244482}.Release|Any CPU.ActiveCfg = Release|Any CPU
		{17AA7A2D-D545-4623-AA3C-4EF608244482}.Release|Any CPU.Build.0 = Release|Any CPU
		{8183CD00-EAFA-4470-B477-346FF2912646}.Debug|Any CPU.ActiveCfg = Debug|Any CPU
		{8183CD00-EAFA-4470-B477-346FF2912646}.Debug|Any CPU.Build.0 = Debug|Any CPU
		{8183CD00-EAFA-4470-B477-346FF2912646}.Release|Any CPU.ActiveCfg = Release|Any CPU
		{8183CD00-EAFA-4470-B477-346FF2912646}.Release|Any CPU.Build.0 = Release|Any CPU
		{EA5963B7-B92B-416C-966F-BA5556B36141}.Debug|Any CPU.ActiveCfg = Debug|Any CPU
		{EA5963B7-B92B-416C-966F-BA5556B36141}.Debug|Any CPU.Build.0 = Debug|Any CPU
		{EA5963B7-B92B-416C-966F-BA5556B36141}.Release|Any CPU.ActiveCfg = Release|Any CPU
		{EA5963B7-B92B-416C-966F-BA5556B36141}.Release|Any CPU.Build.0 = Release|Any CPU
	EndGlobalSection
	GlobalSection(SolutionProperties) = preSolution
		HideSolutionNode = FALSE
	EndGlobalSection
	GlobalSection(NestedProjects) = preSolution
		{C24D870C-E0F8-4F77-9F37-F5B858E2A1BD} = {C51B4C1F-042E-44C0-999A-79AC8045CD39}
		{4BFDDE22-244D-4D70-8E56-2F993884FF83} = {C51B4C1F-042E-44C0-999A-79AC8045CD39}
		{98AF83CD-3359-4809-B2F3-364038004032} = {C51B4C1F-042E-44C0-999A-79AC8045CD39}
		{770B5958-8FDF-4FF5-B288-4B013C5E029B} = {C51B4C1F-042E-44C0-999A-79AC8045CD39}
		{DA79AB2D-83F4-431F-955A-58ADB7317AAC} = {4BFDDE22-244D-4D70-8E56-2F993884FF83}
		{929EDF50-3591-4E48-9AA2-CADD6FE08D11} = {770B5958-8FDF-4FF5-B288-4B013C5E029B}
		{6AF45840-6B6A-422F-AC4B-B02F88437FF6} = {770B5958-8FDF-4FF5-B288-4B013C5E029B}
		{17AA7A2D-D545-4623-AA3C-4EF608244482} = {98AF83CD-3359-4809-B2F3-364038004032}
		{8183CD00-EAFA-4470-B477-346FF2912646} = {4BFDDE22-244D-4D70-8E56-2F993884FF83}
		{EA5963B7-B92B-416C-966F-BA5556B36141} = {40D79426-B417-44AB-A0E3-E1FF45F1A2BE}
	EndGlobalSection
	GlobalSection(ExtensibilityGlobals) = postSolution
		SolutionGuid = {F58CFAA0-672C-4E76-8A35-796FFA86AC27}
	EndGlobalSection
EndGlobal
